
Microsoft Visual Studio Solution File, Format Version 12.00
# Visual Studio Version 17
VisualStudioVersion = 17.7.34031.279
MinimumVisualStudioVersion = 10.0.40219.1
Project("{9A19103F-16F7-4668-BE54-9A1E7A4F7556}") = "heroisAPI", "heroisAPI\heroisAPI.csproj", "{C3417C47-5053-440C-BA13-D5C8A240C212}"
EndProject
Project("{2150E333-8FDC-42A3-9474-1A3956D46DE8}") = "Data", "Data", "{F5D4EBE1-1C51-4575-9A21-7AF364DDC183}"
EndProject
Project("{9A19103F-16F7-4668-BE54-9A1E7A4F7556}") = "Repositorio", "Repositorio\Repositorio.csproj", "{8E2EE521-62F3-4A82-8CAB-06D077ECBA2C}"
	ProjectSection(ProjectDependencies) = postProject
		{48CD3A6D-7A84-4600-ADAA-0CEB7E342D86} = {48CD3A6D-7A84-4600-ADAA-0CEB7E342D86}
	EndProjectSection
EndProject
Project("{2150E333-8FDC-42A3-9474-1A3956D46DE8}") = "Infrastructure", "Infrastructure", "{E496EB42-F2D5-4205-8590-7E1BBC2400F7}"
EndProject
Project("{9A19103F-16F7-4668-BE54-9A1E7A4F7556}") = "Models", "Models\Models.csproj", "{CD13BC88-B1CD-4477-A7F8-B0E1097600DD}"
EndProject
Project("{9A19103F-16F7-4668-BE54-9A1E7A4F7556}") = "Interfaces", "Interfaces\Interfaces.csproj", "{48CD3A6D-7A84-4600-ADAA-0CEB7E342D86}"
EndProject
Project("{2150E333-8FDC-42A3-9474-1A3956D46DE8}") = "Core", "Core", "{B854970F-0C6C-4125-8A78-606C7099BEE0}"
EndProject
Project("{9A19103F-16F7-4668-BE54-9A1E7A4F7556}") = "Dominio", "Dominio\Dominio.csproj", "{3E94C8AF-747F-49F8-95CF-6D3F2C3DDDBD}"
EndProject
Project("{FAE04EC0-301F-11D3-BF4B-00C04F79EFBC}") = "IOC", "IOC\IOC.csproj", "{7171BAC0-75C1-45CB-B14E-5D95CD728D4D}"
EndProject
Global
	GlobalSection(SolutionConfigurationPlatforms) = preSolution
		Debug|Any CPU = Debug|Any CPU
		Release|Any CPU = Release|Any CPU
	EndGlobalSection
	GlobalSection(ProjectConfigurationPlatforms) = postSolution
		{C3417C47-5053-440C-BA13-D5C8A240C212}.Debug|Any CPU.ActiveCfg = Debug|Any CPU
		{C3417C47-5053-440C-BA13-D5C8A240C212}.Debug|Any CPU.Build.0 = Debug|Any CPU
		{C3417C47-5053-440C-BA13-D5C8A240C212}.Release|Any CPU.ActiveCfg = Release|Any CPU
		{C3417C47-5053-440C-BA13-D5C8A240C212}.Release|Any CPU.Build.0 = Release|Any CPU
		{8E2EE521-62F3-4A82-8CAB-06D077ECBA2C}.Debug|Any CPU.ActiveCfg = Debug|Any CPU
		{8E2EE521-62F3-4A82-8CAB-06D077ECBA2C}.Debug|Any CPU.Build.0 = Debug|Any CPU
		{8E2EE521-62F3-4A82-8CAB-06D077ECBA2C}.Release|Any CPU.ActiveCfg = Release|Any CPU
		{8E2EE521-62F3-4A82-8CAB-06D077ECBA2C}.Release|Any CPU.Build.0 = Release|Any CPU
		{CD13BC88-B1CD-4477-A7F8-B0E1097600DD}.Debug|Any CPU.ActiveCfg = Debug|Any CPU
		{CD13BC88-B1CD-4477-A7F8-B0E1097600DD}.Debug|Any CPU.Build.0 = Debug|Any CPU
		{CD13BC88-B1CD-4477-A7F8-B0E1097600DD}.Release|Any CPU.ActiveCfg = Release|Any CPU
		{CD13BC88-B1CD-4477-A7F8-B0E1097600DD}.Release|Any CPU.Build.0 = Release|Any CPU
		{48CD3A6D-7A84-4600-ADAA-0CEB7E342D86}.Debug|Any CPU.ActiveCfg = Debug|Any CPU
		{48CD3A6D-7A84-4600-ADAA-0CEB7E342D86}.Debug|Any CPU.Build.0 = Debug|Any CPU
		{48CD3A6D-7A84-4600-ADAA-0CEB7E342D86}.Release|Any CPU.ActiveCfg = Release|Any CPU
		{48CD3A6D-7A84-4600-ADAA-0CEB7E342D86}.Release|Any CPU.Build.0 = Release|Any CPU
		{3E94C8AF-747F-49F8-95CF-6D3F2C3DDDBD}.Debug|Any CPU.ActiveCfg = Debug|Any CPU
		{3E94C8AF-747F-49F8-95CF-6D3F2C3DDDBD}.Debug|Any CPU.Build.0 = Debug|Any CPU
		{3E94C8AF-747F-49F8-95CF-6D3F2C3DDDBD}.Release|Any CPU.ActiveCfg = Release|Any CPU
		{3E94C8AF-747F-49F8-95CF-6D3F2C3DDDBD}.Release|Any CPU.Build.0 = Release|Any CPU
		{7171BAC0-75C1-45CB-B14E-5D95CD728D4D}.Debug|Any CPU.ActiveCfg = Debug|Any CPU
		{7171BAC0-75C1-45CB-B14E-5D95CD728D4D}.Debug|Any CPU.Build.0 = Debug|Any CPU
		{7171BAC0-75C1-45CB-B14E-5D95CD728D4D}.Release|Any CPU.ActiveCfg = Release|Any CPU
		{7171BAC0-75C1-45CB-B14E-5D95CD728D4D}.Release|Any CPU.Build.0 = Release|Any CPU
	EndGlobalSection
	GlobalSection(SolutionProperties) = preSolution
		HideSolutionNode = FALSE
	EndGlobalSection
	GlobalSection(NestedProjects) = preSolution
		{8E2EE521-62F3-4A82-8CAB-06D077ECBA2C} = {F5D4EBE1-1C51-4575-9A21-7AF364DDC183}
		{CD13BC88-B1CD-4477-A7F8-B0E1097600DD} = {E496EB42-F2D5-4205-8590-7E1BBC2400F7}
		{48CD3A6D-7A84-4600-ADAA-0CEB7E342D86} = {E496EB42-F2D5-4205-8590-7E1BBC2400F7}
		{3E94C8AF-747F-49F8-95CF-6D3F2C3DDDBD} = {B854970F-0C6C-4125-8A78-606C7099BEE0}
		{7171BAC0-75C1-45CB-B14E-5D95CD728D4D} = {E496EB42-F2D5-4205-8590-7E1BBC2400F7}
	EndGlobalSection
	GlobalSection(ExtensibilityGlobals) = postSolution
		SolutionGuid = {420F6D74-9EA5-4126-8B7B-55467C8E8954}
	EndGlobalSection
EndGlobal
